
Microsoft Visual Studio Solution File, Format Version 12.00
# Visual Studio 14
VisualStudioVersion = 14.0.23107.0
MinimumVisualStudioVersion = 10.0.40219.1
Project("{FAE04EC0-301F-11D3-BF4B-00C04F79EFBC}") = "RabbitMQ", "RabbitMQ\RabbitMQ.csproj", "{F0CCADCB-AEFE-40EB-9C5C-01698B606396}"
EndProject
Project("{2150E333-8FDC-42A3-9474-1A3956D46DE8}") = "Errors", "Errors", "{1EDDA8DE-6EF2-43AC-8C13-F5D26962E53C}"
EndProject
Project("{2150E333-8FDC-42A3-9474-1A3956D46DE8}") = "Headers", "Headers", "{916056FD-7414-47C9-8F34-F9E045D8091C}"
EndProject
Project("{2150E333-8FDC-42A3-9474-1A3956D46DE8}") = "AdvancedRetry", "AdvancedRetry", "{286C74AF-647C-49F5-B3CC-77BC628B2128}"
EndProject
Project("{2150E333-8FDC-42A3-9474-1A3956D46DE8}") = "BasicRetry", "BasicRetry", "{ED404EAE-124F-4ABF-AF61-5F245D95D361}"
EndProject
Project("{2150E333-8FDC-42A3-9474-1A3956D46DE8}") = "DeadLetterQueue", "DeadLetterQueue", "{2E948EE3-414A-46B7-9AE5-5D2332CAEE24}"
EndProject
Project("{2150E333-8FDC-42A3-9474-1A3956D46DE8}") = "RoutingFailure", "RoutingFailure", "{0FA96D5B-B1B4-42A4-9525-4E22160732D5}"
EndProject
Project("{2150E333-8FDC-42A3-9474-1A3956D46DE8}") = "Interoperable", "Interoperable", "{002DAB11-94B1-4863-B500-025D3CB99757}"
EndProject
Project("{2150E333-8FDC-42A3-9474-1A3956D46DE8}") = "LargeMessage", "LargeMessage", "{02B40492-A09E-4ADD-A8DB-70D7B4B73DD9}"
EndProject
Project("{2150E333-8FDC-42A3-9474-1A3956D46DE8}") = "Buffered", "Buffered", "{AA514267-2E03-409F-A1A5-53E6FB0DE684}"
EndProject
Project("{2150E333-8FDC-42A3-9474-1A3956D46DE8}") = "Chunked", "Chunked", "{6B5857AB-F4E6-44D0-AB4F-8FA11FFD525E}"
EndProject
Project("{2150E333-8FDC-42A3-9474-1A3956D46DE8}") = "MessageFormat", "MessageFormat", "{CA03825F-14D0-4916-AF13-143CE43F1913}"
EndProject
Project("{2150E333-8FDC-42A3-9474-1A3956D46DE8}") = "MessageIdentification", "MessageIdentification", "{545B424A-8037-4129-899C-B7E603DCDC5F}"
EndProject
Project("{2150E333-8FDC-42A3-9474-1A3956D46DE8}") = "OneWayMessaging", "OneWayMessaging", "{AB15856B-EB55-4D1B-9F53-00CA1AF38E6F}"
EndProject
Project("{2150E333-8FDC-42A3-9474-1A3956D46DE8}") = "PublishSubscribe", "PublishSubscribe", "{4D8CF8B1-E2C2-4A59-81F3-A7E00D3524DD}"
EndProject
Project("{2150E333-8FDC-42A3-9474-1A3956D46DE8}") = "RemoteProcedureCall", "RemoteProcedureCall", "{6EFB57EF-9D88-4F24-872C-F0758FC6B7E5}"
EndProject
Project("{2150E333-8FDC-42A3-9474-1A3956D46DE8}") = "Routing", "Routing", "{E7E5CBB8-368A-4E4E-B829-F308C195CBB2}"
EndProject
Project("{2150E333-8FDC-42A3-9474-1A3956D46DE8}") = "ScatterGather", "ScatterGather", "{A5BC8C78-5089-42CF-A5EA-0024D7CF25FE}"
EndProject
Project("{2150E333-8FDC-42A3-9474-1A3956D46DE8}") = "ScheduledDelivery", "ScheduledDelivery", "{D1B5DDBB-15AD-490C-BF22-72C2ECF71013}"
EndProject
Project("{2150E333-8FDC-42A3-9474-1A3956D46DE8}") = "Serialization", "Serialization", "{DAFB8845-8E0A-4DFB-98BF-B954617BE1C0}"
EndProject
Project("{2150E333-8FDC-42A3-9474-1A3956D46DE8}") = "Topics", "Topics", "{D255AF34-B174-49FC-9672-44171F6A6B4C}"
EndProject
Project("{2150E333-8FDC-42A3-9474-1A3956D46DE8}") = "Solution Items", "Solution Items", "{0CB460C3-CA8E-49C0-9899-D8A72A802CDD}"
EndProject
Project("{2150E333-8FDC-42A3-9474-1A3956D46DE8}") = "WorkerQueues", "WorkerQueues", "{8C8C7BFA-B0A6-4D95-9324-17113053772E}"
EndProject
Project("{FAE04EC0-301F-11D3-BF4B-00C04F79EFBC}") = "Client", "Topics\Client\Client.csproj", "{7DD87377-42E5-4E32-A932-6C6FD0A90549}"
EndProject
Project("{FAE04EC0-301F-11D3-BF4B-00C04F79EFBC}") = "Server1", "Topics\Server1\Server1.csproj", "{9AB2E188-E164-44EC-9D91-AEECA88824C8}"
EndProject
Project("{FAE04EC0-301F-11D3-BF4B-00C04F79EFBC}") = "Server2", "Topics\Server2\Server2.csproj", "{25056C55-0DB6-4ADF-8C14-40E85E30BEFC}"
EndProject
Project("{FAE04EC0-301F-11D3-BF4B-00C04F79EFBC}") = "Server3", "Topics\Server3\Server3.csproj", "{5BF65FA4-4F7C-46A9-A115-F394C8A10783}"
EndProject
Project("{FAE04EC0-301F-11D3-BF4B-00C04F79EFBC}") = "Client", "WorkerQueues\Client\Client.csproj", "{E7A11A6B-B15D-4FD3-95D4-D3B0487C67DE}"
EndProject
Project("{FAE04EC0-301F-11D3-BF4B-00C04F79EFBC}") = "FirstServer", "WorkerQueues\FirstServer\FirstServer.csproj", "{187ACE41-3190-4AF8-A9F0-B3EF64D9B1B4}"
EndProject
Project("{FAE04EC0-301F-11D3-BF4B-00C04F79EFBC}") = "SecondServer", "WorkerQueues\SecondServer\SecondServer.csproj", "{53C8E977-678A-4BF4-A7DD-DA1FBAC243A5}"
EndProject
Project("{FAE04EC0-301F-11D3-BF4B-00C04F79EFBC}") = "Client", "Serialization\Client\Client.csproj", "{3B6AC8EE-4FFE-4A6F-8D21-C8BFDC557587}"
EndProject
Project("{FAE04EC0-301F-11D3-BF4B-00C04F79EFBC}") = "Contract", "Serialization\Contract\Contract.csproj", "{B58DE69C-E628-4303-8A26-0DEBDA284E9D}"
EndProject
Project("{FAE04EC0-301F-11D3-BF4B-00C04F79EFBC}") = "Server", "Serialization\Server\Server.csproj", "{0C036A75-1088-4C27-93E0-ACC820464A23}"
EndProject
Project("{FAE04EC0-301F-11D3-BF4B-00C04F79EFBC}") = "Client", "ScheduledDelivery\Client\Client.csproj", "{DBD563E4-349C-434D-97AF-33DD9C1E5453}"
EndProject
Project("{FAE04EC0-301F-11D3-BF4B-00C04F79EFBC}") = "Server", "ScheduledDelivery\Server\Server.csproj", "{85D37608-A324-4B9B-A436-0F4D35F16CDA}"
EndProject
Project("{FAE04EC0-301F-11D3-BF4B-00C04F79EFBC}") = "Client", "ScatterGather\Client\Client.csproj", "{59C535E9-7331-459E-BE72-D84986344FE7}"
EndProject
Project("{FAE04EC0-301F-11D3-BF4B-00C04F79EFBC}") = "Consumer1", "ScatterGather\Consumer1\Consumer1.csproj", "{EEC34F58-AFEB-4511-B3FC-0F7AC7AFA053}"
EndProject
Project("{FAE04EC0-301F-11D3-BF4B-00C04F79EFBC}") = "Consumer2", "ScatterGather\Consumer2\Consumer2.csproj", "{BB210A76-872D-4E45-83CD-6FEF8EDD84C7}"
EndProject
Project("{FAE04EC0-301F-11D3-BF4B-00C04F79EFBC}") = "Consumer3", "ScatterGather\Consumer3\Consumer3.csproj", "{135A165B-EC8D-44A0-A823-ED2C4C15449B}"
EndProject
Project("{FAE04EC0-301F-11D3-BF4B-00C04F79EFBC}") = "Client", "Routing\Client\Client.csproj", "{A32D0589-C0EE-4EED-A5C2-F7058D193A5B}"
EndProject
Project("{FAE04EC0-301F-11D3-BF4B-00C04F79EFBC}") = "ServerOne", "Routing\ServerOne\ServerOne.csproj", "{2E21C64B-747F-4B88-AC49-DD9480C4C09A}"
EndProject
Project("{FAE04EC0-301F-11D3-BF4B-00C04F79EFBC}") = "ServerTwo", "Routing\ServerTwo\ServerTwo.csproj", "{2792D68C-9427-4E89-9BBA-CB3FE25AD862}"
EndProject
Project("{FAE04EC0-301F-11D3-BF4B-00C04F79EFBC}") = "Client", "RemoteProcedureCall\Client\Client.csproj", "{37A153DF-825A-4832-8CA8-CAA8807817B1}"
EndProject
Project("{FAE04EC0-301F-11D3-BF4B-00C04F79EFBC}") = "Server", "RemoteProcedureCall\Server\Server.csproj", "{E8E35708-F6E4-41ED-A9F2-A04C67A190C9}"
EndProject
Project("{FAE04EC0-301F-11D3-BF4B-00C04F79EFBC}") = "Client", "PublishSubscribe\Client\Client.csproj", "{3C31A681-8B5E-45DA-A483-68BBC6837A6A}"
EndProject
Project("{FAE04EC0-301F-11D3-BF4B-00C04F79EFBC}") = "FirstConsumer", "PublishSubscribe\FirstConsumer\FirstConsumer.csproj", "{0B40CCBF-C671-4553-BB0A-83F49DC008EF}"
EndProject
Project("{FAE04EC0-301F-11D3-BF4B-00C04F79EFBC}") = "SecondConsumer", "PublishSubscribe\SecondConsumer\SecondConsumer.csproj", "{A9DBDBE2-6F94-4C50-A60C-9F62A4FDEA07}"
EndProject
Project("{FAE04EC0-301F-11D3-BF4B-00C04F79EFBC}") = "Client", "OneWayMessaging\Client\Client.csproj", "{4A0F6723-BD9D-4B83-B4A7-1AE62E398D68}"
EndProject
Project("{FAE04EC0-301F-11D3-BF4B-00C04F79EFBC}") = "Server", "OneWayMessaging\Server\Server.csproj", "{5E3A40CF-2D46-4E1A-8FC2-5F8569F8E7CC}"
EndProject
Project("{FAE04EC0-301F-11D3-BF4B-00C04F79EFBC}") = "Client", "MessageIdentification\Client\Client.csproj", "{BF2266F1-4AC6-4B6A-8336-47E64FFB11FA}"
EndProject
Project("{FAE04EC0-301F-11D3-BF4B-00C04F79EFBC}") = "Contract", "MessageIdentification\Contract\Contract.csproj", "{B0854B1F-2B85-47EA-8F9A-494FE44B136E}"
EndProject
Project("{FAE04EC0-301F-11D3-BF4B-00C04F79EFBC}") = "Server", "MessageIdentification\Server\Server.csproj", "{51A38C8C-FEE2-4891-8FA2-AD24187C461C}"
EndProject
Project("{FAE04EC0-301F-11D3-BF4B-00C04F79EFBC}") = "Client", "MessageFormat\Client\Client.csproj", "{54668DFC-FA9F-4CF9-9B67-4CB02A9E9364}"
EndProject
Project("{FAE04EC0-301F-11D3-BF4B-00C04F79EFBC}") = "Contract", "MessageFormat\Contract\Contract.csproj", "{45B035B0-B2A2-4AE8-8E43-BCE525013AEE}"
EndProject
Project("{FAE04EC0-301F-11D3-BF4B-00C04F79EFBC}") = "Server", "MessageFormat\Server\Server.csproj", "{5E5AE56C-E327-4614-8138-F12805EC94B3}"
EndProject
Project("{FAE04EC0-301F-11D3-BF4B-00C04F79EFBC}") = "Client", "LargeMessage\Chunked\Client\Client.csproj", "{197CCE8F-3FC4-4E6F-A38A-3E456146757E}"
EndProject
Project("{FAE04EC0-301F-11D3-BF4B-00C04F79EFBC}") = "Server", "LargeMessage\Chunked\Server\Server.csproj", "{3C484CCA-033B-4CC7-85C3-9CF4DC1698B3}"
EndProject
Project("{FAE04EC0-301F-11D3-BF4B-00C04F79EFBC}") = "Client", "LargeMessage\Buffered\Client\Client.csproj", "{9AD41BF2-E573-4067-8EFD-0D640B12D37D}"
EndProject
Project("{FAE04EC0-301F-11D3-BF4B-00C04F79EFBC}") = "Server", "LargeMessage\Buffered\Server\Server.csproj", "{F3F994DE-5DF3-4472-BF7E-FE9B9633E9A6}"
EndProject
Project("{FAE04EC0-301F-11D3-BF4B-00C04F79EFBC}") = "Client", "Interoperable\Client\Client.csproj", "{9B92A7C8-0E68-4966-AD2E-65720A6ECF00}"
EndProject
Project("{FAE04EC0-301F-11D3-BF4B-00C04F79EFBC}") = "Contract", "Interoperable\Contract\Contract.csproj", "{58C7C724-8105-44FE-97B0-DD0C6E69102B}"
EndProject
Project("{FAE04EC0-301F-11D3-BF4B-00C04F79EFBC}") = "Server", "Interoperable\Server\Server.csproj", "{454DE7AE-A020-4B7B-BE75-26CEEEA8B38D}"
EndProject
Project("{FAE04EC0-301F-11D3-BF4B-00C04F79EFBC}") = "Client", "Headers\Client\Client.csproj", "{F1296B94-CE77-420E-9EA6-B1DE30AB0147}"
EndProject
Project("{FAE04EC0-301F-11D3-BF4B-00C04F79EFBC}") = "ServerNo1", "Headers\ServerNo1\ServerNo1.csproj", "{D604A2B5-12C5-4A0F-A8B3-B5124BEC727D}"
EndProject
Project("{FAE04EC0-301F-11D3-BF4B-00C04F79EFBC}") = "ServerNo2", "Headers\ServerNo2\ServerNo2.csproj", "{4D29BA64-3C0C-4D9D-9A6A-5879FAF9760F}"
EndProject
Project("{FAE04EC0-301F-11D3-BF4B-00C04F79EFBC}") = "ServerNo3", "Headers\ServerNo3\ServerNo3.csproj", "{C3126EA7-49B1-4815-B47E-04E13946F9BD}"
EndProject
Project("{FAE04EC0-301F-11D3-BF4B-00C04F79EFBC}") = "ServerNo4", "Headers\ServerNo4\ServerNo4.csproj", "{D1AE7C9C-841E-4135-843C-CD705EDA26C5}"
EndProject
Project("{FAE04EC0-301F-11D3-BF4B-00C04F79EFBC}") = "Client", "Errors\AdvancedRetry\Client\Client.csproj", "{1DE33EA2-98B9-4FBA-8290-5782FB9E21BC}"
EndProject
Project("{FAE04EC0-301F-11D3-BF4B-00C04F79EFBC}") = "Server", "Errors\AdvancedRetry\Server\Server.csproj", "{BC806FB5-DC44-4F61-BF91-AFF60032C0C0}"
EndProject
Project("{FAE04EC0-301F-11D3-BF4B-00C04F79EFBC}") = "Client", "Errors\BasicRetry\Client\Client.csproj", "{E0A39FBA-6BEA-43CF-A804-B1A85B4B4229}"
EndProject
Project("{FAE04EC0-301F-11D3-BF4B-00C04F79EFBC}") = "Server", "Errors\BasicRetry\Server\Server.csproj", "{8937CA2E-18A6-4BFC-A6CA-D960BAE0CDCB}"
EndProject
Project("{FAE04EC0-301F-11D3-BF4B-00C04F79EFBC}") = "Client", "Errors\DeadLetterQueue\Client\Client.csproj", "{2F20FA73-D087-41C7-947B-0EEE62107638}"
EndProject
Project("{FAE04EC0-301F-11D3-BF4B-00C04F79EFBC}") = "Server", "Errors\DeadLetterQueue\Server\Server.csproj", "{ED4F184D-F99B-42E4-AAFB-195AD6AB5C16}"
EndProject
Project("{FAE04EC0-301F-11D3-BF4B-00C04F79EFBC}") = "DeadLetterQueueProcessor", "Errors\DeadLetterQueue\DeadLetterQueueProcessor\DeadLetterQueueProcessor.csproj", "{62D4D1F2-6576-4F16-B62F-7B92CB6C566A}"
EndProject
Project("{FAE04EC0-301F-11D3-BF4B-00C04F79EFBC}") = "Client", "Errors\RoutingFailure\Client\Client.csproj", "{06DCC0AC-DF33-41C2-8E9B-3CDB4A23F1DF}"
EndProject
Project("{FAE04EC0-301F-11D3-BF4B-00C04F79EFBC}") = "FailureServer", "Errors\RoutingFailure\FailureServer\FailureServer.csproj", "{6B8B95A4-215B-471B-B1BE-62707011F001}"
EndProject
Project("{FAE04EC0-301F-11D3-BF4B-00C04F79EFBC}") = "Server", "Errors\RoutingFailure\Server\Server.csproj", "{EA828960-FE1A-4678-BBCB-21EE0FB7E7A5}"
EndProject
Global
	GlobalSection(SolutionConfigurationPlatforms) = preSolution
		Debug|Any CPU = Debug|Any CPU
		Release|Any CPU = Release|Any CPU
	EndGlobalSection
	GlobalSection(ProjectConfigurationPlatforms) = postSolution
		{F0CCADCB-AEFE-40EB-9C5C-01698B606396}.Debug|Any CPU.ActiveCfg = Debug|Any CPU
		{F0CCADCB-AEFE-40EB-9C5C-01698B606396}.Debug|Any CPU.Build.0 = Debug|Any CPU
		{F0CCADCB-AEFE-40EB-9C5C-01698B606396}.Release|Any CPU.ActiveCfg = Release|Any CPU
		{F0CCADCB-AEFE-40EB-9C5C-01698B606396}.Release|Any CPU.Build.0 = Release|Any CPU
		{7DD87377-42E5-4E32-A932-6C6FD0A90549}.Debug|Any CPU.ActiveCfg = Debug|Any CPU
		{7DD87377-42E5-4E32-A932-6C6FD0A90549}.Debug|Any CPU.Build.0 = Debug|Any CPU
		{7DD87377-42E5-4E32-A932-6C6FD0A90549}.Release|Any CPU.ActiveCfg = Release|Any CPU
		{7DD87377-42E5-4E32-A932-6C6FD0A90549}.Release|Any CPU.Build.0 = Release|Any CPU
		{9AB2E188-E164-44EC-9D91-AEECA88824C8}.Debug|Any CPU.ActiveCfg = Debug|Any CPU
		{9AB2E188-E164-44EC-9D91-AEECA88824C8}.Debug|Any CPU.Build.0 = Debug|Any CPU
		{9AB2E188-E164-44EC-9D91-AEECA88824C8}.Release|Any CPU.ActiveCfg = Release|Any CPU
		{9AB2E188-E164-44EC-9D91-AEECA88824C8}.Release|Any CPU.Build.0 = Release|Any CPU
		{25056C55-0DB6-4ADF-8C14-40E85E30BEFC}.Debug|Any CPU.ActiveCfg = Debug|Any CPU
		{25056C55-0DB6-4ADF-8C14-40E85E30BEFC}.Debug|Any CPU.Build.0 = Debug|Any CPU
		{25056C55-0DB6-4ADF-8C14-40E85E30BEFC}.Release|Any CPU.ActiveCfg = Release|Any CPU
		{25056C55-0DB6-4ADF-8C14-40E85E30BEFC}.Release|Any CPU.Build.0 = Release|Any CPU
		{5BF65FA4-4F7C-46A9-A115-F394C8A10783}.Debug|Any CPU.ActiveCfg = Debug|Any CPU
		{5BF65FA4-4F7C-46A9-A115-F394C8A10783}.Debug|Any CPU.Build.0 = Debug|Any CPU
		{5BF65FA4-4F7C-46A9-A115-F394C8A10783}.Release|Any CPU.ActiveCfg = Release|Any CPU
		{5BF65FA4-4F7C-46A9-A115-F394C8A10783}.Release|Any CPU.Build.0 = Release|Any CPU
		{E7A11A6B-B15D-4FD3-95D4-D3B0487C67DE}.Debug|Any CPU.ActiveCfg = Debug|Any CPU
		{E7A11A6B-B15D-4FD3-95D4-D3B0487C67DE}.Debug|Any CPU.Build.0 = Debug|Any CPU
		{E7A11A6B-B15D-4FD3-95D4-D3B0487C67DE}.Release|Any CPU.ActiveCfg = Release|Any CPU
		{E7A11A6B-B15D-4FD3-95D4-D3B0487C67DE}.Release|Any CPU.Build.0 = Release|Any CPU
		{187ACE41-3190-4AF8-A9F0-B3EF64D9B1B4}.Debug|Any CPU.ActiveCfg = Debug|Any CPU
		{187ACE41-3190-4AF8-A9F0-B3EF64D9B1B4}.Debug|Any CPU.Build.0 = Debug|Any CPU
		{187ACE41-3190-4AF8-A9F0-B3EF64D9B1B4}.Release|Any CPU.ActiveCfg = Release|Any CPU
		{187ACE41-3190-4AF8-A9F0-B3EF64D9B1B4}.Release|Any CPU.Build.0 = Release|Any CPU
		{53C8E977-678A-4BF4-A7DD-DA1FBAC243A5}.Debug|Any CPU.ActiveCfg = Debug|Any CPU
		{53C8E977-678A-4BF4-A7DD-DA1FBAC243A5}.Debug|Any CPU.Build.0 = Debug|Any CPU
		{53C8E977-678A-4BF4-A7DD-DA1FBAC243A5}.Release|Any CPU.ActiveCfg = Release|Any CPU
		{53C8E977-678A-4BF4-A7DD-DA1FBAC243A5}.Release|Any CPU.Build.0 = Release|Any CPU
		{3B6AC8EE-4FFE-4A6F-8D21-C8BFDC557587}.Debug|Any CPU.ActiveCfg = Debug|Any CPU
		{3B6AC8EE-4FFE-4A6F-8D21-C8BFDC557587}.Debug|Any CPU.Build.0 = Debug|Any CPU
		{3B6AC8EE-4FFE-4A6F-8D21-C8BFDC557587}.Release|Any CPU.ActiveCfg = Release|Any CPU
		{3B6AC8EE-4FFE-4A6F-8D21-C8BFDC557587}.Release|Any CPU.Build.0 = Release|Any CPU
		{B58DE69C-E628-4303-8A26-0DEBDA284E9D}.Debug|Any CPU.ActiveCfg = Debug|Any CPU
		{B58DE69C-E628-4303-8A26-0DEBDA284E9D}.Debug|Any CPU.Build.0 = Debug|Any CPU
		{B58DE69C-E628-4303-8A26-0DEBDA284E9D}.Release|Any CPU.ActiveCfg = Release|Any CPU
		{B58DE69C-E628-4303-8A26-0DEBDA284E9D}.Release|Any CPU.Build.0 = Release|Any CPU
		{0C036A75-1088-4C27-93E0-ACC820464A23}.Debug|Any CPU.ActiveCfg = Debug|Any CPU
		{0C036A75-1088-4C27-93E0-ACC820464A23}.Debug|Any CPU.Build.0 = Debug|Any CPU
		{0C036A75-1088-4C27-93E0-ACC820464A23}.Release|Any CPU.ActiveCfg = Release|Any CPU
		{0C036A75-1088-4C27-93E0-ACC820464A23}.Release|Any CPU.Build.0 = Release|Any CPU
		{DBD563E4-349C-434D-97AF-33DD9C1E5453}.Debug|Any CPU.ActiveCfg = Debug|Any CPU
		{DBD563E4-349C-434D-97AF-33DD9C1E5453}.Debug|Any CPU.Build.0 = Debug|Any CPU
		{DBD563E4-349C-434D-97AF-33DD9C1E5453}.Release|Any CPU.ActiveCfg = Release|Any CPU
		{DBD563E4-349C-434D-97AF-33DD9C1E5453}.Release|Any CPU.Build.0 = Release|Any CPU
		{85D37608-A324-4B9B-A436-0F4D35F16CDA}.Debug|Any CPU.ActiveCfg = Debug|Any CPU
		{85D37608-A324-4B9B-A436-0F4D35F16CDA}.Debug|Any CPU.Build.0 = Debug|Any CPU
		{85D37608-A324-4B9B-A436-0F4D35F16CDA}.Release|Any CPU.ActiveCfg = Release|Any CPU
		{85D37608-A324-4B9B-A436-0F4D35F16CDA}.Release|Any CPU.Build.0 = Release|Any CPU
		{59C535E9-7331-459E-BE72-D84986344FE7}.Debug|Any CPU.ActiveCfg = Debug|Any CPU
		{59C535E9-7331-459E-BE72-D84986344FE7}.Debug|Any CPU.Build.0 = Debug|Any CPU
		{59C535E9-7331-459E-BE72-D84986344FE7}.Release|Any CPU.ActiveCfg = Release|Any CPU
		{59C535E9-7331-459E-BE72-D84986344FE7}.Release|Any CPU.Build.0 = Release|Any CPU
		{EEC34F58-AFEB-4511-B3FC-0F7AC7AFA053}.Debug|Any CPU.ActiveCfg = Debug|Any CPU
		{EEC34F58-AFEB-4511-B3FC-0F7AC7AFA053}.Debug|Any CPU.Build.0 = Debug|Any CPU
		{EEC34F58-AFEB-4511-B3FC-0F7AC7AFA053}.Release|Any CPU.ActiveCfg = Release|Any CPU
		{EEC34F58-AFEB-4511-B3FC-0F7AC7AFA053}.Release|Any CPU.Build.0 = Release|Any CPU
		{BB210A76-872D-4E45-83CD-6FEF8EDD84C7}.Debug|Any CPU.ActiveCfg = Debug|Any CPU
		{BB210A76-872D-4E45-83CD-6FEF8EDD84C7}.Debug|Any CPU.Build.0 = Debug|Any CPU
		{BB210A76-872D-4E45-83CD-6FEF8EDD84C7}.Release|Any CPU.ActiveCfg = Release|Any CPU
		{BB210A76-872D-4E45-83CD-6FEF8EDD84C7}.Release|Any CPU.Build.0 = Release|Any CPU
		{135A165B-EC8D-44A0-A823-ED2C4C15449B}.Debug|Any CPU.ActiveCfg = Debug|Any CPU
		{135A165B-EC8D-44A0-A823-ED2C4C15449B}.Debug|Any CPU.Build.0 = Debug|Any CPU
		{135A165B-EC8D-44A0-A823-ED2C4C15449B}.Release|Any CPU.ActiveCfg = Release|Any CPU
		{135A165B-EC8D-44A0-A823-ED2C4C15449B}.Release|Any CPU.Build.0 = Release|Any CPU
		{A32D0589-C0EE-4EED-A5C2-F7058D193A5B}.Debug|Any CPU.ActiveCfg = Debug|Any CPU
		{A32D0589-C0EE-4EED-A5C2-F7058D193A5B}.Debug|Any CPU.Build.0 = Debug|Any CPU
		{A32D0589-C0EE-4EED-A5C2-F7058D193A5B}.Release|Any CPU.ActiveCfg = Release|Any CPU
		{A32D0589-C0EE-4EED-A5C2-F7058D193A5B}.Release|Any CPU.Build.0 = Release|Any CPU
		{2E21C64B-747F-4B88-AC49-DD9480C4C09A}.Debug|Any CPU.ActiveCfg = Debug|Any CPU
		{2E21C64B-747F-4B88-AC49-DD9480C4C09A}.Debug|Any CPU.Build.0 = Debug|Any CPU
		{2E21C64B-747F-4B88-AC49-DD9480C4C09A}.Release|Any CPU.ActiveCfg = Release|Any CPU
		{2E21C64B-747F-4B88-AC49-DD9480C4C09A}.Release|Any CPU.Build.0 = Release|Any CPU
		{2792D68C-9427-4E89-9BBA-CB3FE25AD862}.Debug|Any CPU.ActiveCfg = Debug|Any CPU
		{2792D68C-9427-4E89-9BBA-CB3FE25AD862}.Debug|Any CPU.Build.0 = Debug|Any CPU
		{2792D68C-9427-4E89-9BBA-CB3FE25AD862}.Release|Any CPU.ActiveCfg = Release|Any CPU
		{2792D68C-9427-4E89-9BBA-CB3FE25AD862}.Release|Any CPU.Build.0 = Release|Any CPU
		{37A153DF-825A-4832-8CA8-CAA8807817B1}.Debug|Any CPU.ActiveCfg = Debug|Any CPU
		{37A153DF-825A-4832-8CA8-CAA8807817B1}.Debug|Any CPU.Build.0 = Debug|Any CPU
		{37A153DF-825A-4832-8CA8-CAA8807817B1}.Release|Any CPU.ActiveCfg = Release|Any CPU
		{37A153DF-825A-4832-8CA8-CAA8807817B1}.Release|Any CPU.Build.0 = Release|Any CPU
		{E8E35708-F6E4-41ED-A9F2-A04C67A190C9}.Debug|Any CPU.ActiveCfg = Debug|Any CPU
		{E8E35708-F6E4-41ED-A9F2-A04C67A190C9}.Debug|Any CPU.Build.0 = Debug|Any CPU
		{E8E35708-F6E4-41ED-A9F2-A04C67A190C9}.Release|Any CPU.ActiveCfg = Release|Any CPU
		{E8E35708-F6E4-41ED-A9F2-A04C67A190C9}.Release|Any CPU.Build.0 = Release|Any CPU
		{3C31A681-8B5E-45DA-A483-68BBC6837A6A}.Debug|Any CPU.ActiveCfg = Debug|Any CPU
		{3C31A681-8B5E-45DA-A483-68BBC6837A6A}.Debug|Any CPU.Build.0 = Debug|Any CPU
		{3C31A681-8B5E-45DA-A483-68BBC6837A6A}.Release|Any CPU.ActiveCfg = Release|Any CPU
		{3C31A681-8B5E-45DA-A483-68BBC6837A6A}.Release|Any CPU.Build.0 = Release|Any CPU
		{0B40CCBF-C671-4553-BB0A-83F49DC008EF}.Debug|Any CPU.ActiveCfg = Debug|Any CPU
		{0B40CCBF-C671-4553-BB0A-83F49DC008EF}.Debug|Any CPU.Build.0 = Debug|Any CPU
		{0B40CCBF-C671-4553-BB0A-83F49DC008EF}.Release|Any CPU.ActiveCfg = Release|Any CPU
		{0B40CCBF-C671-4553-BB0A-83F49DC008EF}.Release|Any CPU.Build.0 = Release|Any CPU
		{A9DBDBE2-6F94-4C50-A60C-9F62A4FDEA07}.Debug|Any CPU.ActiveCfg = Debug|Any CPU
		{A9DBDBE2-6F94-4C50-A60C-9F62A4FDEA07}.Debug|Any CPU.Build.0 = Debug|Any CPU
		{A9DBDBE2-6F94-4C50-A60C-9F62A4FDEA07}.Release|Any CPU.ActiveCfg = Release|Any CPU
		{A9DBDBE2-6F94-4C50-A60C-9F62A4FDEA07}.Release|Any CPU.Build.0 = Release|Any CPU
		{4A0F6723-BD9D-4B83-B4A7-1AE62E398D68}.Debug|Any CPU.ActiveCfg = Debug|Any CPU
		{4A0F6723-BD9D-4B83-B4A7-1AE62E398D68}.Debug|Any CPU.Build.0 = Debug|Any CPU
		{4A0F6723-BD9D-4B83-B4A7-1AE62E398D68}.Release|Any CPU.ActiveCfg = Release|Any CPU
		{4A0F6723-BD9D-4B83-B4A7-1AE62E398D68}.Release|Any CPU.Build.0 = Release|Any CPU
		{5E3A40CF-2D46-4E1A-8FC2-5F8569F8E7CC}.Debug|Any CPU.ActiveCfg = Debug|Any CPU
		{5E3A40CF-2D46-4E1A-8FC2-5F8569F8E7CC}.Debug|Any CPU.Build.0 = Debug|Any CPU
		{5E3A40CF-2D46-4E1A-8FC2-5F8569F8E7CC}.Release|Any CPU.ActiveCfg = Release|Any CPU
		{5E3A40CF-2D46-4E1A-8FC2-5F8569F8E7CC}.Release|Any CPU.Build.0 = Release|Any CPU
		{BF2266F1-4AC6-4B6A-8336-47E64FFB11FA}.Debug|Any CPU.ActiveCfg = Debug|Any CPU
		{BF2266F1-4AC6-4B6A-8336-47E64FFB11FA}.Debug|Any CPU.Build.0 = Debug|Any CPU
		{BF2266F1-4AC6-4B6A-8336-47E64FFB11FA}.Release|Any CPU.ActiveCfg = Release|Any CPU
		{BF2266F1-4AC6-4B6A-8336-47E64FFB11FA}.Release|Any CPU.Build.0 = Release|Any CPU
		{B0854B1F-2B85-47EA-8F9A-494FE44B136E}.Debug|Any CPU.ActiveCfg = Debug|Any CPU
		{B0854B1F-2B85-47EA-8F9A-494FE44B136E}.Debug|Any CPU.Build.0 = Debug|Any CPU
		{B0854B1F-2B85-47EA-8F9A-494FE44B136E}.Release|Any CPU.ActiveCfg = Release|Any CPU
		{B0854B1F-2B85-47EA-8F9A-494FE44B136E}.Release|Any CPU.Build.0 = Release|Any CPU
		{51A38C8C-FEE2-4891-8FA2-AD24187C461C}.Debug|Any CPU.ActiveCfg = Debug|Any CPU
		{51A38C8C-FEE2-4891-8FA2-AD24187C461C}.Debug|Any CPU.Build.0 = Debug|Any CPU
		{51A38C8C-FEE2-4891-8FA2-AD24187C461C}.Release|Any CPU.ActiveCfg = Release|Any CPU
		{51A38C8C-FEE2-4891-8FA2-AD24187C461C}.Release|Any CPU.Build.0 = Release|Any CPU
		{54668DFC-FA9F-4CF9-9B67-4CB02A9E9364}.Debug|Any CPU.ActiveCfg = Debug|Any CPU
		{54668DFC-FA9F-4CF9-9B67-4CB02A9E9364}.Debug|Any CPU.Build.0 = Debug|Any CPU
		{54668DFC-FA9F-4CF9-9B67-4CB02A9E9364}.Release|Any CPU.ActiveCfg = Release|Any CPU
		{54668DFC-FA9F-4CF9-9B67-4CB02A9E9364}.Release|Any CPU.Build.0 = Release|Any CPU
		{45B035B0-B2A2-4AE8-8E43-BCE525013AEE}.Debug|Any CPU.ActiveCfg = Debug|Any CPU
		{45B035B0-B2A2-4AE8-8E43-BCE525013AEE}.Debug|Any CPU.Build.0 = Debug|Any CPU
		{45B035B0-B2A2-4AE8-8E43-BCE525013AEE}.Release|Any CPU.ActiveCfg = Release|Any CPU
		{45B035B0-B2A2-4AE8-8E43-BCE525013AEE}.Release|Any CPU.Build.0 = Release|Any CPU
		{5E5AE56C-E327-4614-8138-F12805EC94B3}.Debug|Any CPU.ActiveCfg = Debug|Any CPU
		{5E5AE56C-E327-4614-8138-F12805EC94B3}.Debug|Any CPU.Build.0 = Debug|Any CPU
		{5E5AE56C-E327-4614-8138-F12805EC94B3}.Release|Any CPU.ActiveCfg = Release|Any CPU
		{5E5AE56C-E327-4614-8138-F12805EC94B3}.Release|Any CPU.Build.0 = Release|Any CPU
		{197CCE8F-3FC4-4E6F-A38A-3E456146757E}.Debug|Any CPU.ActiveCfg = Debug|Any CPU
		{197CCE8F-3FC4-4E6F-A38A-3E456146757E}.Debug|Any CPU.Build.0 = Debug|Any CPU
		{197CCE8F-3FC4-4E6F-A38A-3E456146757E}.Release|Any CPU.ActiveCfg = Release|Any CPU
		{197CCE8F-3FC4-4E6F-A38A-3E456146757E}.Release|Any CPU.Build.0 = Release|Any CPU
		{3C484CCA-033B-4CC7-85C3-9CF4DC1698B3}.Debug|Any CPU.ActiveCfg = Debug|Any CPU
		{3C484CCA-033B-4CC7-85C3-9CF4DC1698B3}.Debug|Any CPU.Build.0 = Debug|Any CPU
		{3C484CCA-033B-4CC7-85C3-9CF4DC1698B3}.Release|Any CPU.ActiveCfg = Release|Any CPU
		{3C484CCA-033B-4CC7-85C3-9CF4DC1698B3}.Release|Any CPU.Build.0 = Release|Any CPU
		{9AD41BF2-E573-4067-8EFD-0D640B12D37D}.Debug|Any CPU.ActiveCfg = Debug|Any CPU
		{9AD41BF2-E573-4067-8EFD-0D640B12D37D}.Debug|Any CPU.Build.0 = Debug|Any CPU
		{9AD41BF2-E573-4067-8EFD-0D640B12D37D}.Release|Any CPU.ActiveCfg = Release|Any CPU
		{9AD41BF2-E573-4067-8EFD-0D640B12D37D}.Release|Any CPU.Build.0 = Release|Any CPU
		{F3F994DE-5DF3-4472-BF7E-FE9B9633E9A6}.Debug|Any CPU.ActiveCfg = Debug|Any CPU
		{F3F994DE-5DF3-4472-BF7E-FE9B9633E9A6}.Debug|Any CPU.Build.0 = Debug|Any CPU
		{F3F994DE-5DF3-4472-BF7E-FE9B9633E9A6}.Release|Any CPU.ActiveCfg = Release|Any CPU
		{F3F994DE-5DF3-4472-BF7E-FE9B9633E9A6}.Release|Any CPU.Build.0 = Release|Any CPU
		{9B92A7C8-0E68-4966-AD2E-65720A6ECF00}.Debug|Any CPU.ActiveCfg = Debug|Any CPU
		{9B92A7C8-0E68-4966-AD2E-65720A6ECF00}.Debug|Any CPU.Build.0 = Debug|Any CPU
		{9B92A7C8-0E68-4966-AD2E-65720A6ECF00}.Release|Any CPU.ActiveCfg = Release|Any CPU
		{9B92A7C8-0E68-4966-AD2E-65720A6ECF00}.Release|Any CPU.Build.0 = Release|Any CPU
		{58C7C724-8105-44FE-97B0-DD0C6E69102B}.Debug|Any CPU.ActiveCfg = Debug|Any CPU
		{58C7C724-8105-44FE-97B0-DD0C6E69102B}.Debug|Any CPU.Build.0 = Debug|Any CPU
		{58C7C724-8105-44FE-97B0-DD0C6E69102B}.Release|Any CPU.ActiveCfg = Release|Any CPU
		{58C7C724-8105-44FE-97B0-DD0C6E69102B}.Release|Any CPU.Build.0 = Release|Any CPU
		{454DE7AE-A020-4B7B-BE75-26CEEEA8B38D}.Debug|Any CPU.ActiveCfg = Debug|Any CPU
		{454DE7AE-A020-4B7B-BE75-26CEEEA8B38D}.Debug|Any CPU.Build.0 = Debug|Any CPU
		{454DE7AE-A020-4B7B-BE75-26CEEEA8B38D}.Release|Any CPU.ActiveCfg = Release|Any CPU
		{454DE7AE-A020-4B7B-BE75-26CEEEA8B38D}.Release|Any CPU.Build.0 = Release|Any CPU
		{F1296B94-CE77-420E-9EA6-B1DE30AB0147}.Debug|Any CPU.ActiveCfg = Debug|Any CPU
		{F1296B94-CE77-420E-9EA6-B1DE30AB0147}.Debug|Any CPU.Build.0 = Debug|Any CPU
		{F1296B94-CE77-420E-9EA6-B1DE30AB0147}.Release|Any CPU.ActiveCfg = Release|Any CPU
		{F1296B94-CE77-420E-9EA6-B1DE30AB0147}.Release|Any CPU.Build.0 = Release|Any CPU
		{D604A2B5-12C5-4A0F-A8B3-B5124BEC727D}.Debug|Any CPU.ActiveCfg = Debug|Any CPU
		{D604A2B5-12C5-4A0F-A8B3-B5124BEC727D}.Debug|Any CPU.Build.0 = Debug|Any CPU
		{D604A2B5-12C5-4A0F-A8B3-B5124BEC727D}.Release|Any CPU.ActiveCfg = Release|Any CPU
		{D604A2B5-12C5-4A0F-A8B3-B5124BEC727D}.Release|Any CPU.Build.0 = Release|Any CPU
		{4D29BA64-3C0C-4D9D-9A6A-5879FAF9760F}.Debug|Any CPU.ActiveCfg = Debug|Any CPU
		{4D29BA64-3C0C-4D9D-9A6A-5879FAF9760F}.Debug|Any CPU.Build.0 = Debug|Any CPU
		{4D29BA64-3C0C-4D9D-9A6A-5879FAF9760F}.Release|Any CPU.ActiveCfg = Release|Any CPU
		{4D29BA64-3C0C-4D9D-9A6A-5879FAF9760F}.Release|Any CPU.Build.0 = Release|Any CPU
		{C3126EA7-49B1-4815-B47E-04E13946F9BD}.Debug|Any CPU.ActiveCfg = Debug|Any CPU
		{C3126EA7-49B1-4815-B47E-04E13946F9BD}.Debug|Any CPU.Build.0 = Debug|Any CPU
		{C3126EA7-49B1-4815-B47E-04E13946F9BD}.Release|Any CPU.ActiveCfg = Release|Any CPU
		{C3126EA7-49B1-4815-B47E-04E13946F9BD}.Release|Any CPU.Build.0 = Release|Any CPU
		{D1AE7C9C-841E-4135-843C-CD705EDA26C5}.Debug|Any CPU.ActiveCfg = Debug|Any CPU
		{D1AE7C9C-841E-4135-843C-CD705EDA26C5}.Debug|Any CPU.Build.0 = Debug|Any CPU
		{D1AE7C9C-841E-4135-843C-CD705EDA26C5}.Release|Any CPU.ActiveCfg = Release|Any CPU
		{D1AE7C9C-841E-4135-843C-CD705EDA26C5}.Release|Any CPU.Build.0 = Release|Any CPU
		{1DE33EA2-98B9-4FBA-8290-5782FB9E21BC}.Debug|Any CPU.ActiveCfg = Debug|Any CPU
		{1DE33EA2-98B9-4FBA-8290-5782FB9E21BC}.Debug|Any CPU.Build.0 = Debug|Any CPU
		{1DE33EA2-98B9-4FBA-8290-5782FB9E21BC}.Release|Any CPU.ActiveCfg = Release|Any CPU
		{1DE33EA2-98B9-4FBA-8290-5782FB9E21BC}.Release|Any CPU.Build.0 = Release|Any CPU
		{BC806FB5-DC44-4F61-BF91-AFF60032C0C0}.Debug|Any CPU.ActiveCfg = Debug|Any CPU
		{BC806FB5-DC44-4F61-BF91-AFF60032C0C0}.Debug|Any CPU.Build.0 = Debug|Any CPU
		{BC806FB5-DC44-4F61-BF91-AFF60032C0C0}.Release|Any CPU.ActiveCfg = Release|Any CPU
		{BC806FB5-DC44-4F61-BF91-AFF60032C0C0}.Release|Any CPU.Build.0 = Release|Any CPU
		{E0A39FBA-6BEA-43CF-A804-B1A85B4B4229}.Debug|Any CPU.ActiveCfg = Debug|Any CPU
		{E0A39FBA-6BEA-43CF-A804-B1A85B4B4229}.Debug|Any CPU.Build.0 = Debug|Any CPU
		{E0A39FBA-6BEA-43CF-A804-B1A85B4B4229}.Release|Any CPU.ActiveCfg = Release|Any CPU
		{E0A39FBA-6BEA-43CF-A804-B1A85B4B4229}.Release|Any CPU.Build.0 = Release|Any CPU
		{8937CA2E-18A6-4BFC-A6CA-D960BAE0CDCB}.Debug|Any CPU.ActiveCfg = Debug|Any CPU
		{8937CA2E-18A6-4BFC-A6CA-D960BAE0CDCB}.Debug|Any CPU.Build.0 = Debug|Any CPU
		{8937CA2E-18A6-4BFC-A6CA-D960BAE0CDCB}.Release|Any CPU.ActiveCfg = Release|Any CPU
		{8937CA2E-18A6-4BFC-A6CA-D960BAE0CDCB}.Release|Any CPU.Build.0 = Release|Any CPU
		{2F20FA73-D087-41C7-947B-0EEE62107638}.Debug|Any CPU.ActiveCfg = Debug|Any CPU
		{2F20FA73-D087-41C7-947B-0EEE62107638}.Debug|Any CPU.Build.0 = Debug|Any CPU
		{2F20FA73-D087-41C7-947B-0EEE62107638}.Release|Any CPU.ActiveCfg = Release|Any CPU
		{2F20FA73-D087-41C7-947B-0EEE62107638}.Release|Any CPU.Build.0 = Release|Any CPU
		{ED4F184D-F99B-42E4-AAFB-195AD6AB5C16}.Debug|Any CPU.ActiveCfg = Debug|Any CPU
		{ED4F184D-F99B-42E4-AAFB-195AD6AB5C16}.Debug|Any CPU.Build.0 = Debug|Any CPU
		{ED4F184D-F99B-42E4-AAFB-195AD6AB5C16}.Release|Any CPU.ActiveCfg = Release|Any CPU
		{ED4F184D-F99B-42E4-AAFB-195AD6AB5C16}.Release|Any CPU.Build.0 = Release|Any CPU
		{62D4D1F2-6576-4F16-B62F-7B92CB6C566A}.Debug|Any CPU.ActiveCfg = Debug|Any CPU
		{62D4D1F2-6576-4F16-B62F-7B92CB6C566A}.Debug|Any CPU.Build.0 = Debug|Any CPU
		{62D4D1F2-6576-4F16-B62F-7B92CB6C566A}.Release|Any CPU.ActiveCfg = Release|Any CPU
		{62D4D1F2-6576-4F16-B62F-7B92CB6C566A}.Release|Any CPU.Build.0 = Release|Any CPU
		{06DCC0AC-DF33-41C2-8E9B-3CDB4A23F1DF}.Debug|Any CPU.ActiveCfg = Debug|Any CPU
		{06DCC0AC-DF33-41C2-8E9B-3CDB4A23F1DF}.Debug|Any CPU.Build.0 = Debug|Any CPU
		{06DCC0AC-DF33-41C2-8E9B-3CDB4A23F1DF}.Release|Any CPU.ActiveCfg = Release|Any CPU
		{06DCC0AC-DF33-41C2-8E9B-3CDB4A23F1DF}.Release|Any CPU.Build.0 = Release|Any CPU
		{6B8B95A4-215B-471B-B1BE-62707011F001}.Debug|Any CPU.ActiveCfg = Debug|Any CPU
		{6B8B95A4-215B-471B-B1BE-62707011F001}.Debug|Any CPU.Build.0 = Debug|Any CPU
		{6B8B95A4-215B-471B-B1BE-62707011F001}.Release|Any CPU.ActiveCfg = Release|Any CPU
		{6B8B95A4-215B-471B-B1BE-62707011F001}.Release|Any CPU.Build.0 = Release|Any CPU
		{EA828960-FE1A-4678-BBCB-21EE0FB7E7A5}.Debug|Any CPU.ActiveCfg = Debug|Any CPU
		{EA828960-FE1A-4678-BBCB-21EE0FB7E7A5}.Debug|Any CPU.Build.0 = Debug|Any CPU
		{EA828960-FE1A-4678-BBCB-21EE0FB7E7A5}.Release|Any CPU.ActiveCfg = Release|Any CPU
		{EA828960-FE1A-4678-BBCB-21EE0FB7E7A5}.Release|Any CPU.Build.0 = Release|Any CPU
	EndGlobalSection
	GlobalSection(SolutionProperties) = preSolution
		HideSolutionNode = FALSE
	EndGlobalSection
	GlobalSection(NestedProjects) = preSolution
		{286C74AF-647C-49F5-B3CC-77BC628B2128} = {1EDDA8DE-6EF2-43AC-8C13-F5D26962E53C}
		{ED404EAE-124F-4ABF-AF61-5F245D95D361} = {1EDDA8DE-6EF2-43AC-8C13-F5D26962E53C}
		{2E948EE3-414A-46B7-9AE5-5D2332CAEE24} = {1EDDA8DE-6EF2-43AC-8C13-F5D26962E53C}
		{0FA96D5B-B1B4-42A4-9525-4E22160732D5} = {1EDDA8DE-6EF2-43AC-8C13-F5D26962E53C}
		{AA514267-2E03-409F-A1A5-53E6FB0DE684} = {02B40492-A09E-4ADD-A8DB-70D7B4B73DD9}
		{6B5857AB-F4E6-44D0-AB4F-8FA11FFD525E} = {02B40492-A09E-4ADD-A8DB-70D7B4B73DD9}
		{7DD87377-42E5-4E32-A932-6C6FD0A90549} = {D255AF34-B174-49FC-9672-44171F6A6B4C}
		{9AB2E188-E164-44EC-9D91-AEECA88824C8} = {D255AF34-B174-49FC-9672-44171F6A6B4C}
		{25056C55-0DB6-4ADF-8C14-40E85E30BEFC} = {D255AF34-B174-49FC-9672-44171F6A6B4C}
		{5BF65FA4-4F7C-46A9-A115-F394C8A10783} = {D255AF34-B174-49FC-9672-44171F6A6B4C}
		{E7A11A6B-B15D-4FD3-95D4-D3B0487C67DE} = {8C8C7BFA-B0A6-4D95-9324-17113053772E}
		{187ACE41-3190-4AF8-A9F0-B3EF64D9B1B4} = {8C8C7BFA-B0A6-4D95-9324-17113053772E}
		{53C8E977-678A-4BF4-A7DD-DA1FBAC243A5} = {8C8C7BFA-B0A6-4D95-9324-17113053772E}
		{3B6AC8EE-4FFE-4A6F-8D21-C8BFDC557587} = {DAFB8845-8E0A-4DFB-98BF-B954617BE1C0}
		{B58DE69C-E628-4303-8A26-0DEBDA284E9D} = {DAFB8845-8E0A-4DFB-98BF-B954617BE1C0}
		{0C036A75-1088-4C27-93E0-ACC820464A23} = {DAFB8845-8E0A-4DFB-98BF-B954617BE1C0}
		{DBD563E4-349C-434D-97AF-33DD9C1E5453} = {D1B5DDBB-15AD-490C-BF22-72C2ECF71013}
		{85D37608-A324-4B9B-A436-0F4D35F16CDA} = {D1B5DDBB-15AD-490C-BF22-72C2ECF71013}
		{59C535E9-7331-459E-BE72-D84986344FE7} = {A5BC8C78-5089-42CF-A5EA-0024D7CF25FE}
		{EEC34F58-AFEB-4511-B3FC-0F7AC7AFA053} = {A5BC8C78-5089-42CF-A5EA-0024D7CF25FE}
		{BB210A76-872D-4E45-83CD-6FEF8EDD84C7} = {A5BC8C78-5089-42CF-A5EA-0024D7CF25FE}
		{135A165B-EC8D-44A0-A823-ED2C4C15449B} = {A5BC8C78-5089-42CF-A5EA-0024D7CF25FE}
		{A32D0589-C0EE-4EED-A5C2-F7058D193A5B} = {E7E5CBB8-368A-4E4E-B829-F308C195CBB2}
		{2E21C64B-747F-4B88-AC49-DD9480C4C09A} = {E7E5CBB8-368A-4E4E-B829-F308C195CBB2}
		{2792D68C-9427-4E89-9BBA-CB3FE25AD862} = {E7E5CBB8-368A-4E4E-B829-F308C195CBB2}
		{37A153DF-825A-4832-8CA8-CAA8807817B1} = {6EFB57EF-9D88-4F24-872C-F0758FC6B7E5}
		{E8E35708-F6E4-41ED-A9F2-A04C67A190C9} = {6EFB57EF-9D88-4F24-872C-F0758FC6B7E5}
		{3C31A681-8B5E-45DA-A483-68BBC6837A6A} = {4D8CF8B1-E2C2-4A59-81F3-A7E00D3524DD}
		{0B40CCBF-C671-4553-BB0A-83F49DC008EF} = {4D8CF8B1-E2C2-4A59-81F3-A7E00D3524DD}
		{A9DBDBE2-6F94-4C50-A60C-9F62A4FDEA07} = {4D8CF8B1-E2C2-4A59-81F3-A7E00D3524DD}
		{4A0F6723-BD9D-4B83-B4A7-1AE62E398D68} = {AB15856B-EB55-4D1B-9F53-00CA1AF38E6F}
		{5E3A40CF-2D46-4E1A-8FC2-5F8569F8E7CC} = {AB15856B-EB55-4D1B-9F53-00CA1AF38E6F}
		{BF2266F1-4AC6-4B6A-8336-47E64FFB11FA} = {545B424A-8037-4129-899C-B7E603DCDC5F}
		{B0854B1F-2B85-47EA-8F9A-494FE44B136E} = {545B424A-8037-4129-899C-B7E603DCDC5F}
		{51A38C8C-FEE2-4891-8FA2-AD24187C461C} = {545B424A-8037-4129-899C-B7E603DCDC5F}
		{54668DFC-FA9F-4CF9-9B67-4CB02A9E9364} = {CA03825F-14D0-4916-AF13-143CE43F1913}
		{45B035B0-B2A2-4AE8-8E43-BCE525013AEE} = {CA03825F-14D0-4916-AF13-143CE43F1913}
		{5E5AE56C-E327-4614-8138-F12805EC94B3} = {CA03825F-14D0-4916-AF13-143CE43F1913}
		{197CCE8F-3FC4-4E6F-A38A-3E456146757E} = {6B5857AB-F4E6-44D0-AB4F-8FA11FFD525E}
		{3C484CCA-033B-4CC7-85C3-9CF4DC1698B3} = {6B5857AB-F4E6-44D0-AB4F-8FA11FFD525E}
		{9AD41BF2-E573-4067-8EFD-0D640B12D37D} = {AA514267-2E03-409F-A1A5-53E6FB0DE684}
		{F3F994DE-5DF3-4472-BF7E-FE9B9633E9A6} = {AA514267-2E03-409F-A1A5-53E6FB0DE684}
		{9B92A7C8-0E68-4966-AD2E-65720A6ECF00} = {002DAB11-94B1-4863-B500-025D3CB99757}
		{58C7C724-8105-44FE-97B0-DD0C6E69102B} = {002DAB11-94B1-4863-B500-025D3CB99757}
		{454DE7AE-A020-4B7B-BE75-26CEEEA8B38D} = {002DAB11-94B1-4863-B500-025D3CB99757}
		{F1296B94-CE77-420E-9EA6-B1DE30AB0147} = {916056FD-7414-47C9-8F34-F9E045D8091C}
		{D604A2B5-12C5-4A0F-A8B3-B5124BEC727D} = {916056FD-7414-47C9-8F34-F9E045D8091C}
		{4D29BA64-3C0C-4D9D-9A6A-5879FAF9760F} = {916056FD-7414-47C9-8F34-F9E045D8091C}
		{C3126EA7-49B1-4815-B47E-04E13946F9BD} = {916056FD-7414-47C9-8F34-F9E045D8091C}
		{D1AE7C9C-841E-4135-843C-CD705EDA26C5} = {916056FD-7414-47C9-8F34-F9E045D8091C}
		{1DE33EA2-98B9-4FBA-8290-5782FB9E21BC} = {286C74AF-647C-49F5-B3CC-77BC628B2128}
		{BC806FB5-DC44-4F61-BF91-AFF60032C0C0} = {286C74AF-647C-49F5-B3CC-77BC628B2128}
		{E0A39FBA-6BEA-43CF-A804-B1A85B4B4229} = {ED404EAE-124F-4ABF-AF61-5F245D95D361}
		{8937CA2E-18A6-4BFC-A6CA-D960BAE0CDCB} = {ED404EAE-124F-4ABF-AF61-5F245D95D361}
		{2F20FA73-D087-41C7-947B-0EEE62107638} = {2E948EE3-414A-46B7-9AE5-5D2332CAEE24}
		{ED4F184D-F99B-42E4-AAFB-195AD6AB5C16} = {2E948EE3-414A-46B7-9AE5-5D2332CAEE24}
		{62D4D1F2-6576-4F16-B62F-7B92CB6C566A} = {2E948EE3-414A-46B7-9AE5-5D2332CAEE24}
		{06DCC0AC-DF33-41C2-8E9B-3CDB4A23F1DF} = {0FA96D5B-B1B4-42A4-9525-4E22160732D5}
		{6B8B95A4-215B-471B-B1BE-62707011F001} = {0FA96D5B-B1B4-42A4-9525-4E22160732D5}
		{EA828960-FE1A-4678-BBCB-21EE0FB7E7A5} = {0FA96D5B-B1B4-42A4-9525-4E22160732D5}
	EndGlobalSection
EndGlobal
